
Microsoft Visual Studio Solution File, Format Version 12.00
# Visual Studio Version 16
VisualStudioVersion = 16.0.28803.202
MinimumVisualStudioVersion = 10.0.40219.1
Project("{FAE04EC0-301F-11D3-BF4B-00C04F79EFBC}") = "newspaper-delivery-system", "newspaper-delivery-system\newspaper-delivery-system.csproj", "{1B095F8F-7A05-4631-915C-B733CA0E199C}"
EndProject
Project("{9A19103F-16F7-4668-BE54-9A1E7A4F7556}") = "carrier_test", "carrier_test\carrier_test.csproj", "{B2B9FFA7-4B91-4A4E-AEDD-C6B4CF89C291}"
EndProject
Project("{9A19103F-16F7-4668-BE54-9A1E7A4F7556}") = "household_test", "household_test\household_test.csproj", "{A98DBAEA-FFA1-456F-8B15-59548AD67A2A}"
EndProject
Project("{FAE04EC0-301F-11D3-BF4B-00C04F79EFBC}") = "list_test", "list_test\list_test.csproj", "{DB390165-1975-487C-83D1-746268CAC53D}"
EndProject
Project("{FAE04EC0-301F-11D3-BF4B-00C04F79EFBC}") = "data_import_test", "data_import\data_import_test.csproj", "{B08D75F0-0400-4F07-9EF3-E613E4AA5FB1}"
EndProject
Project("{2150E333-8FDC-42A3-9474-1A3956D46DE8}") = "Solution Items", "Solution Items", "{C8F76CB0-C7E1-440E-B5B5-CA03C09F4493}"
	ProjectSection(SolutionItems) = preProject
		carriers.csv = carriers.csv
		households.csv = households.csv
	EndProjectSection
EndProject
Global
	GlobalSection(SolutionConfigurationPlatforms) = preSolution
		Debug|Any CPU = Debug|Any CPU
		Release|Any CPU = Release|Any CPU
	EndGlobalSection
	GlobalSection(ProjectConfigurationPlatforms) = postSolution
		{1B095F8F-7A05-4631-915C-B733CA0E199C}.Debug|Any CPU.ActiveCfg = Debug|Any CPU
		{1B095F8F-7A05-4631-915C-B733CA0E199C}.Debug|Any CPU.Build.0 = Debug|Any CPU
		{1B095F8F-7A05-4631-915C-B733CA0E199C}.Release|Any CPU.ActiveCfg = Release|Any CPU
		{1B095F8F-7A05-4631-915C-B733CA0E199C}.Release|Any CPU.Build.0 = Release|Any CPU
		{B2B9FFA7-4B91-4A4E-AEDD-C6B4CF89C291}.Debug|Any CPU.ActiveCfg = Debug|Any CPU
		{B2B9FFA7-4B91-4A4E-AEDD-C6B4CF89C291}.Debug|Any CPU.Build.0 = Debug|Any CPU
		{B2B9FFA7-4B91-4A4E-AEDD-C6B4CF89C291}.Release|Any CPU.ActiveCfg = Release|Any CPU
		{B2B9FFA7-4B91-4A4E-AEDD-C6B4CF89C291}.Release|Any CPU.Build.0 = Release|Any CPU
		{A98DBAEA-FFA1-456F-8B15-59548AD67A2A}.Debug|Any CPU.ActiveCfg = Debug|Any CPU
		{A98DBAEA-FFA1-456F-8B15-59548AD67A2A}.Debug|Any CPU.Build.0 = Debug|Any CPU
		{A98DBAEA-FFA1-456F-8B15-59548AD67A2A}.Release|Any CPU.ActiveCfg = Release|Any CPU
		{A98DBAEA-FFA1-456F-8B15-59548AD67A2A}.Release|Any CPU.Build.0 = Release|Any CPU
		{DB390165-1975-487C-83D1-746268CAC53D}.Debug|Any CPU.ActiveCfg = Debug|Any CPU
		{DB390165-1975-487C-83D1-746268CAC53D}.Debug|Any CPU.Build.0 = Debug|Any CPU
		{DB390165-1975-487C-83D1-746268CAC53D}.Release|Any CPU.ActiveCfg = Release|Any CPU
		{DB390165-1975-487C-83D1-746268CAC53D}.Release|Any CPU.Build.0 = Release|Any CPU
		{B08D75F0-0400-4F07-9EF3-E613E4AA5FB1}.Debug|Any CPU.ActiveCfg = Debug|Any CPU
		{B08D75F0-0400-4F07-9EF3-E613E4AA5FB1}.Debug|Any CPU.Build.0 = Debug|Any CPU
		{B08D75F0-0400-4F07-9EF3-E613E4AA5FB1}.Release|Any CPU.ActiveCfg = Release|Any CPU
		{B08D75F0-0400-4F07-9EF3-E613E4AA5FB1}.Release|Any CPU.Build.0 = Release|Any CPU
	EndGlobalSection
	GlobalSection(SolutionProperties) = preSolution
		HideSolutionNode = FALSE
	EndGlobalSection
	GlobalSection(ExtensibilityGlobals) = postSolution
		SolutionGuid = {E4F881DA-818D-42B4-A001-9A039CA9D771}
	EndGlobalSection
EndGlobal
